
Microsoft Visual Studio Solution File, Format Version 12.00
Project("{FAE04EC0-301F-11D3-BF4B-00C04F79EFBC}") = "EducationManagement.Web", "EducationManagement.Web\EducationManagement.Web.csproj", "{37444458-4E1A-487A-9A1A-C826328897A3}"
EndProject
Project("{FAE04EC0-301F-11D3-BF4B-00C04F79EFBC}") = "EducationManagement.BFF", "EducationManagement.BFF\EducationManagement.BFF.csproj", "{C35AE161-1A4B-4644-9517-6B5292FD0ED5}"
EndProject
Global
	GlobalSection(SolutionConfigurationPlatforms) = preSolution
		Debug|Any CPU = Debug|Any CPU
		Release|Any CPU = Release|Any CPU
	EndGlobalSection
	GlobalSection(ProjectConfigurationPlatforms) = postSolution
		{37444458-4E1A-487A-9A1A-C826328897A3}.Debug|Any CPU.ActiveCfg = Debug|Any CPU
		{37444458-4E1A-487A-9A1A-C826328897A3}.Debug|Any CPU.Build.0 = Debug|Any CPU
		{37444458-4E1A-487A-9A1A-C826328897A3}.Release|Any CPU.ActiveCfg = Release|Any CPU
		{37444458-4E1A-487A-9A1A-C826328897A3}.Release|Any CPU.Build.0 = Release|Any CPU
		{C35AE161-1A4B-4644-9517-6B5292FD0ED5}.Debug|Any CPU.ActiveCfg = Debug|Any CPU
		{C35AE161-1A4B-4644-9517-6B5292FD0ED5}.Debug|Any CPU.Build.0 = Debug|Any CPU
		{C35AE161-1A4B-4644-9517-6B5292FD0ED5}.Release|Any CPU.ActiveCfg = Release|Any CPU
		{C35AE161-1A4B-4644-9517-6B5292FD0ED5}.Release|Any CPU.Build.0 = Release|Any CPU
	EndGlobalSection
EndGlobal
